
Microsoft Visual Studio Solution File, Format Version 12.00
# Visual Studio Version 17
VisualStudioVersion = 17.2.32616.157
MinimumVisualStudioVersion = 10.0.40219.1
Project("{FAE04EC0-301F-11D3-BF4B-00C04F79EFBC}") = "Demo", "Demo\Demo.csproj", "{00EBE7BE-0893-4972-B7A0-33D1E7A38AA6}"
EndProject
Global
	GlobalSection(SolutionConfigurationPlatforms) = preSolution
		Debug|Any CPU = Debug|Any CPU
		Release|Any CPU = Release|Any CPU
	EndGlobalSection
	GlobalSection(ProjectConfigurationPlatforms) = postSolution
		{00EBE7BE-0893-4972-B7A0-33D1E7A38AA6}.Debug|Any CPU.ActiveCfg = Debug|Any CPU
		{00EBE7BE-0893-4972-B7A0-33D1E7A38AA6}.Debug|Any CPU.Build.0 = Debug|Any CPU
		{00EBE7BE-0893-4972-B7A0-33D1E7A38AA6}.Release|Any CPU.ActiveCfg = Release|Any CPU
		{00EBE7BE-0893-4972-B7A0-33D1E7A38AA6}.Release|Any CPU.Build.0 = Release|Any CPU
	EndGlobalSection
	GlobalSection(SolutionProperties) = preSolution
		HideSolutionNode = FALSE
	EndGlobalSection
	GlobalSection(ExtensibilityGlobals) = postSolution
		SolutionGuid = {C049AE66-D0EC-4C4D-B9C9-DCCB59416B51}
	EndGlobalSection
EndGlobal
